
Microsoft Visual Studio Solution File, Format Version 12.00
# Visual Studio Version 16
VisualStudioVersion = 16.0.33423.256
MinimumVisualStudioVersion = 10.0.40219.1
Project("{FAE04EC0-301F-11D3-BF4B-00C04F79EFBC}") = "AkademiPlus_Ajax", "AkademiPlus_Ajax\AkademiPlus_Ajax.csproj", "{3FBBEB71-DCFA-44E1-A3AE-581D4AD39274}"
EndProject
Global
	GlobalSection(SolutionConfigurationPlatforms) = preSolution
		Debug|Any CPU = Debug|Any CPU
		Release|Any CPU = Release|Any CPU
	EndGlobalSection
	GlobalSection(ProjectConfigurationPlatforms) = postSolution
		{3FBBEB71-DCFA-44E1-A3AE-581D4AD39274}.Debug|Any CPU.ActiveCfg = Debug|Any CPU
		{3FBBEB71-DCFA-44E1-A3AE-581D4AD39274}.Debug|Any CPU.Build.0 = Debug|Any CPU
		{3FBBEB71-DCFA-44E1-A3AE-581D4AD39274}.Release|Any CPU.ActiveCfg = Release|Any CPU
		{3FBBEB71-DCFA-44E1-A3AE-581D4AD39274}.Release|Any CPU.Build.0 = Release|Any CPU
	EndGlobalSection
	GlobalSection(SolutionProperties) = preSolution
		HideSolutionNode = FALSE
	EndGlobalSection
	GlobalSection(ExtensibilityGlobals) = postSolution
		SolutionGuid = {C47D86C9-9AE7-4B8B-AC90-7F1A05C0A561}
	EndGlobalSection
EndGlobal
